PODS:
  - FeedKit (9.1.2)
  - ModernAVPlayer (1.7.2):
    - ModernAVPlayer/Core (= 1.7.2)
  - ModernAVPlayer/Core (1.7.2)

DEPENDENCIES:
  - FeedKit (~> 9)
  - ModernAVPlayer (= 1.7.2)

SPEC REPOS:
  trunk:
    - FeedKit
    - ModernAVPlayer

SPEC CHECKSUMS:
  FeedKit: 71653273ab08e618cd6fd1301ca08fc02dca6a9e
  ModernAVPlayer: 596985c05629d862bb8190ff9093ba9fbf308fc9

PODFILE CHECKSUM: 37b6065e8ecf7ebeda8f9b364b6141a4b21a1de0

COCOAPODS: 1.9.3
